// !$*UTF8*$!
{
	archiveVersion = 1;
	classes = {
	};
	objectVersion = 46;
	objects = {

/* Begin PBXBuildFile section */
		CF0B487C1A20814B00A04DE1 /* main.m in Sources */ = {isa = PBXBuildFile; fileRef = CF0B487B1A20814B00A04DE1 /* main.m */; };
		CF0B487F1A20814B00A04DE1 /* AppDelegate.m in Sources */ = {isa = PBXBuildFile; fileRef = CF0B487E1A20814B00A04DE1 /* AppDelegate.m */; };
		CF0B48821A20814B00A04DE1 /* ViewController.m in Sources */ = {isa = PBXBuildFile; fileRef = CF0B48811A20814B00A04DE1 /* ViewController.m */; };
		CF0B48851A20814B00A04DE1 /* Main.storyboard in Resources */ = {isa = PBXBuildFile; fileRef = CF0B48831A20814B00A04DE1 /* Main.storyboard */; };
		CF0B48871A20814B00A04DE1 /* Images.xcassets in Resources */ = {isa = PBXBuildFile; fileRef = CF0B48861A20814B00A04DE1 /* Images.xcassets */; };
		CF0B488A1A20814B00A04DE1 /* LaunchScreen.xib in Resources */ = {isa = PBXBuildFile; fileRef = CF0B48881A20814B00A04DE1 /* LaunchScreen.xib */; };
		CF0B48961A20814B00A04DE1 /* MC2_radionica1Tests.m in Sources */ = {isa = PBXBuildFile; fileRef = CF0B48951A20814B00A04DE1 /* MC2_radionica1Tests.m */; };
		CF0B48A11A209DAD00A04DE1 /* SecondViewController.m in Sources */ = {isa = PBXBuildFile; fileRef = CF0B48A01A209DAD00A04DE1 /* SecondViewController.m */; };
		CF0B48A41A20A3CB00A04DE1 /* Person.m in Sources */ = {isa = PBXBuildFile; fileRef = CF0B48A31A20A3CB00A04DE1 /* Person.m */; };
		CF0B48A71A20AE7900A04DE1 /* NSString+Reverse.m in Sources */ = {isa = PBXBuildFile; fileRef = CF0B48A61A20AE7900A04DE1 /* NSString+Reverse.m */; };
/* End PBXBuildFile section */

/* Begin PBXContainerItemProxy section */
		CF0B48901A20814B00A04DE1 /* PBXContainerItemProxy */ = {
			isa = PBXContainerItemProxy;
			containerPortal = CF0B486E1A20814B00A04DE1 /* Project object */;
			proxyType = 1;
			remoteGlobalIDString = CF0B48751A20814B00A04DE1;
			remoteInfo = "MC2-radionica1";
		};
/* End PBXContainerItemProxy section */

/* Begin PBXFileReference section */
		CF0B48761A20814B00A04DE1 /* MC2-radionica1.app */ = {isa = PBXFileReference; explicitFileType = wrapper.application; includeInIndex = 0; path = "MC2-radionica1.app"; sourceTree = BUILT_PRODUCTS_DIR; };
		CF0B487A1A20814B00A04DE1 /* Info.plist */ = {isa = PBXFileReference; lastKnownFileType = text.plist.xml; path = Info.plist; sourceTree = "<group>"; };
		CF0B487B1A20814B00A04DE1 /* main.m */ = {isa = PBXFileReference; lastKnownFileType = sourcecode.c.objc; path = main.m; sourceTree = "<group>"; };
		CF0B487D1A20814B00A04DE1 /* AppDelegate.h */ = {isa = PBXFileReference; lastKnownFileType = sourcecode.c.h; path = AppDelegate.h; sourceTree = "<group>"; };
		CF0B487E1A20814B00A04DE1 /* AppDelegate.m */ = {isa = PBXFileReference; lastKnownFileType = sourcecode.c.objc; path = AppDelegate.m; sourceTree = "<group>"; };
		CF0B48801A20814B00A04DE1 /* ViewController.h */ = {isa = PBXFileReference; lastKnownFileType = sourcecode.c.h; path = ViewController.h; sourceTree = "<group>"; };
		CF0B48811A20814B00A04DE1 /* ViewController.m */ = {isa = PBXFileReference; lastKnownFileType = sourcecode.c.objc; path = ViewController.m; sourceTree = "<group>"; };
		CF0B48841A20814B00A04DE1 /* Base */ = {isa = PBXFileReference; lastKnownFileType = file.storyboard; name = Base; path = Base.lproj/Main.storyboard; sourceTree = "<group>"; };
		CF0B48861A20814B00A04DE1 /* Images.xcassets */ = {isa = PBXFileReference; lastKnownFileType = folder.assetcatalog; path = Images.xcassets; sourceTree = "<group>"; };
		CF0B48891A20814B00A04DE1 /* Base */ = {isa = PBXFileReference; lastKnownFileType = file.xib; name = Base; path = Base.lproj/LaunchScreen.xib; sourceTree = "<group>"; };
		CF0B488F1A20814B00A04DE1 /* MC2-radionica1Tests.xctest */ = {isa = PBXFileReference; explicitFileType = wrapper.cfbundle; includeInIndex = 0; path = "MC2-radionica1Tests.xctest"; sourceTree = BUILT_PRODUCTS_DIR; };
		CF0B48941A20814B00A04DE1 /* Info.plist */ = {isa = PBXFileReference; lastKnownFileType = text.plist.xml; path = Info.plist; sourceTree = "<group>"; };
		CF0B48951A20814B00A04DE1 /* MC2_radionica1Tests.m */ = {isa = PBXFileReference; lastKnownFileType = sourcecode.c.objc; path = MC2_radionica1Tests.m; sourceTree = "<group>"; };
		CF0B489F1A209DAD00A04DE1 /* SecondViewController.h */ = {isa = PBXFileReference; fileEncoding = 4; lastKnownFileType = sourcecode.c.h; path = SecondViewController.h; sourceTree = "<group>"; };
		CF0B48A01A209DAD00A04DE1 /* SecondViewController.m */ = {isa = PBXFileReference; fileEncoding = 4; lastKnownFileType = sourcecode.c.objc; path = SecondViewController.m; sourceTree = "<group>"; };
		CF0B48A21A20A3CB00A04DE1 /* Person.h */ = {isa = PBXFileReference; fileEncoding = 4; lastKnownFileType = sourcecode.c.h; path = Person.h; sourceTree = "<group>"; };
		CF0B48A31A20A3CB00A04DE1 /* Person.m */ = {isa = PBXFileReference; fileEncoding = 4; lastKnownFileType = sourcecode.c.objc; path = Person.m; sourceTree = "<group>"; };
		CF0B48A51A20AE7900A04DE1 /* NSString+Reverse.h */ = {isa = PBXFileReference; fileEncoding = 4; lastKnownFileType = sourcecode.c.h; path = "NSString+Reverse.h"; sourceTree = "<group>"; };
		CF0B48A61A20AE7900A04DE1 /* NSString+Reverse.m */ = {isa = PBXFileReference; fileEncoding = 4; lastKnownFileType = sourcecode.c.objc; path = "NSString+Reverse.m"; sourceTree = "<group>"; };
/* End PBXFileReference section */

/* Begin PBXFrameworksBuildPhase section */
		CF0B48731A20814B00A04DE1 /* Frameworks */ = {
			isa = PBXFrameworksBuildPhase;
			buildActionMask = 2147483647;
			files = (
			);
			runOnlyForDeploymentPostprocessing = 0;
		};
		CF0B488C1A20814B00A04DE1 /* Frameworks */ = {
			isa = PBXFrameworksBuildPhase;
			buildActionMask = 2147483647;
			files = (
			);
			runOnlyForDeploymentPostprocessing = 0;
		};
/* End PBXFrameworksBuildPhase section */

/* Begin PBXGroup section */
		CF0B486D1A20814B00A04DE1 = {
			isa = PBXGroup;
			children = (
				CF0B48781A20814B00A04DE1 /* MC2-radionica1 */,
				CF0B48921A20814B00A04DE1 /* MC2-radionica1Tests */,
				CF0B48771A20814B00A04DE1 /* Products */,
			);
			sourceTree = "<group>";
		};
		CF0B48771A20814B00A04DE1 /* Products */ = {
			isa = PBXGroup;
			children = (
				CF0B48761A20814B00A04DE1 /* MC2-radionica1.app */,
				CF0B488F1A20814B00A04DE1 /* MC2-radionica1Tests.xctest */,
			);
			name = Products;
			sourceTree = "<group>";
		};
		CF0B48781A20814B00A04DE1 /* MC2-radionica1 */ = {
			isa = PBXGroup;
			children = (
				CF0B48831A20814B00A04DE1 /* Main.storyboard */,
				CF0B487D1A20814B00A04DE1 /* AppDelegate.h */,
				CF0B487E1A20814B00A04DE1 /* AppDelegate.m */,
				CF0B48801A20814B00A04DE1 /* ViewController.h */,
				CF0B48811A20814B00A04DE1 /* ViewController.m */,
				CF0B489F1A209DAD00A04DE1 /* SecondViewController.h */,
				CF0B48A01A209DAD00A04DE1 /* SecondViewController.m */,
				CF0B48A21A20A3CB00A04DE1 /* Person.h */,
				CF0B48A31A20A3CB00A04DE1 /* Person.m */,
				CF0B48A51A20AE7900A04DE1 /* NSString+Reverse.h */,
				CF0B48A61A20AE7900A04DE1 /* NSString+Reverse.m */,
				CF0B48861A20814B00A04DE1 /* Images.xcassets */,
				CF0B48881A20814B00A04DE1 /* LaunchScreen.xib */,
				CF0B48791A20814B00A04DE1 /* Supporting Files */,
			);
			path = "MC2-radionica1";
			sourceTree = "<group>";
		};
		CF0B48791A20814B00A04DE1 /* Supporting Files */ = {
			isa = PBXGroup;
			children = (
				CF0B487A1A20814B00A04DE1 /* Info.plist */,
				CF0B487B1A20814B00A04DE1 /* main.m */,
			);
			name = "Supporting Files";
			sourceTree = "<group>";
		};
		CF0B48921A20814B00A04DE1 /* MC2-radionica1Tests */ = {
			isa = PBXGroup;
			children = (
				CF0B48951A20814B00A04DE1 /* MC2_radionica1Tests.m */,
				CF0B48931A20814B00A04DE1 /* Supporting Files */,
			);
			path = "MC2-radionica1Tests";
			sourceTree = "<group>";
		};
		CF0B48931A20814B00A04DE1 /* Supporting Files */ = {
			isa = PBXGroup;
			children = (
				CF0B48941A20814B00A04DE1 /* Info.plist */,
			);
			name = "Supporting Files";
			sourceTree = "<group>";
		};
/* End PBXGroup section */

/* Begin PBXNativeTarget section */
		CF0B48751A20814B00A04DE1 /* MC2-radionica1 */ = {
			isa = PBXNativeTarget;
			buildConfigurationList = CF0B48991A20814B00A04DE1 /* Build configuration list for PBXNativeTarget "MC2-radionica1" */;
			buildPhases = (
				CF0B48721A20814B00A04DE1 /* Sources */,
				CF0B48731A20814B00A04DE1 /* Frameworks */,
				CF0B48741A20814B00A04DE1 /* Resources */,
			);
			buildRules = (
			);
			dependencies = (
			);
			name = "MC2-radionica1";
			productName = "MC2-radionica1";
			productReference = CF0B48761A20814B00A04DE1 /* MC2-radionica1.app */;
			productType = "com.apple.product-type.application";
		};
		CF0B488E1A20814B00A04DE1 /* MC2-radionica1Tests */ = {
			isa = PBXNativeTarget;
			buildConfigurationList = CF0B489C1A20814B00A04DE1 /* Build configuration list for PBXNativeTarget "MC2-radionica1Tests" */;
			buildPhases = (
				CF0B488B1A20814B00A04DE1 /* Sources */,
				CF0B488C1A20814B00A04DE1 /* Frameworks */,
				CF0B488D1A20814B00A04DE1 /* Resources */,
			);
			buildRules = (
			);
			dependencies = (
				CF0B48911A20814B00A04DE1 /* PBXTargetDependency */,
			);
			name = "MC2-radionica1Tests";
			productName = "MC2-radionica1Tests";
			productReference = CF0B488F1A20814B00A04DE1 /* MC2-radionica1Tests.xctest */;
			productType = "com.apple.product-type.bundle.unit-test";
		};
/* End PBXNativeTarget section */

/* Begin PBXProject section */
		CF0B486E1A20814B00A04DE1 /* Project object */ = {
			isa = PBXProject;
			attributes = {
				LastUpgradeCheck = 0610;
				ORGANIZATIONNAME = "Infinum Ltd.";
				TargetAttributes = {
					CF0B48751A20814B00A04DE1 = {
						CreatedOnToolsVersion = 6.1;
					};
					CF0B488E1A20814B00A04DE1 = {
						CreatedOnToolsVersion = 6.1;
						TestTargetID = CF0B48751A20814B00A04DE1;
					};
				};
			};
			buildConfigurationList = CF0B48711A20814B00A04DE1 /* Build configuration list for PBXProject "MC2-radionica1" */;
			compatibilityVersion = "Xcode 3.2";
			developmentRegion = English;
			hasScannedForEncodings = 0;
			knownRegions = (
				en,
				Base,
			);
			mainGroup = CF0B486D1A20814B00A04DE1;
			productRefGroup = CF0B48771A20814B00A04DE1 /* Products */;
			projectDirPath = "";
			projectRoot = "";
			targets = (
				CF0B48751A20814B00A04DE1 /* MC2-radionica1 */,
				CF0B488E1A20814B00A04DE1 /* MC2-radionica1Tests */,
			);
		};
/* End PBXProject section */

/* Begin PBXResourcesBuildPhase section */
		CF0B48741A20814B00A04DE1 /* Resources */ = {
			isa = PBXResourcesBuildPhase;
			buildActionMask = 2147483647;
			files = (
				CF0B48851A20814B00A04DE1 /* Main.storyboard in Resources */,
				CF0B488A1A20814B00A04DE1 /* LaunchScreen.xib in Resources */,
				CF0B48871A20814B00A04DE1 /* Images.xcassets in Resources */,
			);
			runOnlyForDeploymentPostprocessing = 0;
		};
		CF0B488D1A20814B00A04DE1 /* Resources */ = {
			isa = PBXResourcesBuildPhase;
			buildActionMask = 2147483647;
			files = (
			);
			runOnlyForDeploymentPostprocessing = 0;
		};
/* End PBXResourcesBuildPhase section */

/* Begin PBXSourcesBuildPhase section */
		CF0B48721A20814B00A04DE1 /* Sources */ = {
			isa = PBXSourcesBuildPhase;
			buildActionMask = 2147483647;
			files = (
				CF0B48A11A209DAD00A04DE1 /* SecondViewController.m in Sources */,
				CF0B48821A20814B00A04DE1 /* ViewController.m in Sources */,
				CF0B48A41A20A3CB00A04DE1 /* Person.m in Sources */,
				CF0B487F1A20814B00A04DE1 /* AppDelegate.m in Sources */,
				CF0B48A71A20AE7900A04DE1 /* NSString+Reverse.m in Sources */,
				CF0B487C1A20814B00A04DE1 /* main.m in Sources */,
			);
			runOnlyForDeploymentPostprocessing = 0;
		};
		CF0B488B1A20814B00A04DE1 /* Sources */ = {
			isa = PBXSourcesBuildPhase;
			buildActionMask = 2147483647;
			files = (
				CF0B48961A20814B00A04DE1 /* MC2_radionica1Tests.m in Sources */,
			);
			runOnlyForDeploymentPostprocessing = 0;
		};
/* End PBXSourcesBuildPhase section */

/* Begin PBXTargetDependency section */
		CF0B48911A20814B00A04DE1 /* PBXTargetDependency */ = {
			isa = PBXTargetDependency;
			target = CF0B48751A20814B00A04DE1 /* MC2-radionica1 */;
			targetProxy = CF0B48901A20814B00A04DE1 /* PBXContainerItemProxy */;
		};
/* End PBXTargetDependency section */

/* Begin PBXVariantGroup section */
		CF0B48831A20814B00A04DE1 /* Main.storyboard */ = {
			isa = PBXVariantGroup;
			children = (
				CF0B48841A20814B00A04DE1 /* Base */,
			);
			name = Main.storyboard;
			sourceTree = "<group>";
		};
		CF0B48881A20814B00A04DE1 /* LaunchScreen.xib */ = {
			isa = PBXVariantGroup;
			children = (
				CF0B48891A20814B00A04DE1 /* Base */,
			);
			name = LaunchScreen.xib;
			sourceTree = "<group>";
		};
/* End PBXVariantGroup section */

/* Begin XCBuildConfiguration section */
		CF0B48971A20814B00A04DE1 /* Debug */ = {
			isa = XCBuildConfiguration;
			buildSettings = {
				ALWAYS_SEARCH_USER_PATHS = NO;
				CLANG_CXX_LANGUAGE_STANDARD = "gnu++0x";
				CLANG_CXX_LIBRARY = "libc++";
				CLANG_ENABLE_MODULES = YES;
				CLANG_ENABLE_OBJC_ARC = YES;
				CLANG_WARN_BOOL_CONVERSION = YES;
				CLANG_WARN_CONSTANT_CONVERSION = YES;
				CLANG_WARN_DIRECT_OBJC_ISA_USAGE = YES_ERROR;
				CLANG_WARN_EMPTY_BODY = YES;
				CLANG_WARN_ENUM_CONVERSION = YES;
				CLANG_WARN_INT_CONVERSION = YES;
				CLANG_WARN_OBJC_ROOT_CLASS = YES_ERROR;
				CLANG_WARN_UNREACHABLE_CODE = YES;
				CLANG_WARN__DUPLICATE_METHOD_MATCH = YES;
				"CODE_SIGN_IDENTITY[sdk=iphoneos*]" = "iPhone Developer";
				COPY_PHASE_STRIP = NO;
				ENABLE_STRICT_OBJC_MSGSEND = YES;
				GCC_C_LANGUAGE_STANDARD = gnu99;
				GCC_DYNAMIC_NO_PIC = NO;
				GCC_OPTIMIZATION_LEVEL = 0;
				GCC_PREPROCESSOR_DEFINITIONS = (
					"DEBUG=1",
					"$(inherited)",
				);
				GCC_SYMBOLS_PRIVATE_EXTERN = NO;
				GCC_WARN_64_TO_32_BIT_CONVERSION = YES;
				GCC_WARN_ABOUT_RETURN_TYPE = YES_ERROR;
				GCC_WARN_UNDECLARED_SELECTOR = YES;
				GCC_WARN_UNINITIALIZED_AUTOS = YES_AGGRESSIVE;
				GCC_WARN_UNUSED_FUNCTION = YES;
				GCC_WARN_UNUSED_VARIABLE = YES;
				IPHONEOS_DEPLOYMENT_TARGET = 8.1;
				MTL_ENABLE_DEBUG_INFO = YES;
				ONLY_ACTIVE_ARCH = YES;
				SDKROOT = iphoneos;
			};
			name = Debug;
		};
		CF0B48981A20814B00A04DE1 /* Release */ = {
			isa = XCBuildConfiguration;
			buildSettings = {
				ALWAYS_SEARCH_USER_PATHS = NO;
				CLANG_CXX_LANGUAGE_STANDARD = "gnu++0x";
				CLANG_CXX_LIBRARY = "libc++";
				CLANG_ENABLE_MODULES = YES;
				CLANG_ENABLE_OBJC_ARC = YES;
				CLANG_WARN_BOOL_CONVERSION = YES;
				CLANG_WARN_CONSTANT_CONVERSION = YES;
				CLANG_WARN_DIRECT_OBJC_ISA_USAGE = YES_ERROR;
				CLANG_WARN_EMPTY_BODY = YES;
				CLANG_WARN_ENUM_CONVERSION = YES;
				CLANG_WARN_INT_CONVERSION = YES;
				CLANG_WARN_OBJC_ROOT_CLASS = YES_ERROR;
				CLANG_WARN_UNREACHABLE_CODE = YES;
				CLANG_WARN__DUPLICATE_METHOD_MATCH = YES;
				"CODE_SIGN_IDENTITY[sdk=iphoneos*]" = "iPhone Developer";
				COPY_PHASE_STRIP = YES;
				ENABLE_NS_ASSERTIONS = NO;
				ENABLE_STRICT_OBJC_MSGSEND = YES;
				GCC_C_LANGUAGE_STANDARD = gnu99;
				GCC_WARN_64_TO_32_BIT_CONVERSION = YES;
				GCC_WARN_ABOUT_RETURN_TYPE = YES_ERROR;
				GCC_WARN_UNDECLARED_SELECTOR = YES;
				GCC_WARN_UNINITIALIZED_AUTOS = YES_AGGRESSIVE;
				GCC_WARN_UNUSED_FUNCTION = YES;
				GCC_WARN_UNUSED_VARIABLE = YES;
				IPHONEOS_DEPLOYMENT_TARGET = 8.1;
				MTL_ENABLE_DEBUG_INFO = NO;
				SDKROOT = iphoneos;
				VALIDATE_PRODUCT = YES;
			};
			name = Release;
		};
		CF0B489A1A20814B00A04DE1 /* Debug */ = {
			isa = XCBuildConfiguration;
			buildSettings = {
				ASSETCATALOG_COMPILER_APPICON_NAME = AppIcon;
				INFOPLIST_FILE = "MC2-radionica1/Info.plist";
				LD_RUNPATH_SEARCH_PATHS = "$(inherited) @executable_path/Frameworks";
				PRODUCT_NAME = "$(TARGET_NAME)";
			};
			name = Debug;
		};
		CF0B489B1A20814B00A04DE1 /* Release */ = {
			isa = XCBuildConfiguration;
			buildSettings = {
				ASSETCATALOG_COMPILER_APPICON_NAME = AppIcon;
				INFOPLIST_FILE = "MC2-radionica1/Info.plist";
				LD_RUNPATH_SEARCH_PATHS = "$(inherited) @executable_path/Frameworks";
				PRODUCT_NAME = "$(TARGET_NAME)";
			};
			name = Release;
		};
		CF0B489D1A20814B00A04DE1 /* Debug */ = {
			isa = XCBuildConfiguration;
			buildSettings = {
				BUNDLE_LOADER = "$(TEST_HOST)";
				FRAMEWORK_SEARCH_PATHS = (
					"$(SDKROOT)/Developer/Library/Frameworks",
					"$(inherited)",
				);
				GCC_PREPROCESSOR_DEFINITIONS = (
					"DEBUG=1",
					"$(inherited)",
				);
				INFOPLIST_FILE = "MC2-radionica1Tests/Info.plist";
				LD_RUNPATH_SEARCH_PATHS = "$(inherited) @executable_path/Frameworks @loader_path/Frameworks";
				PRODUCT_NAME = "$(TARGET_NAME)";
				TEST_HOST = "$(BUILT_PRODUCTS_DIR)/MC2-radionica1.app/MC2-radionica1";
			};
			name = Debug;
		};
		CF0B489E1A20814B00A04DE1 /* Release */ = {
			isa = XCBuildConfiguration;
			buildSettings = {
				BUNDLE_LOADER = "$(TEST_HOST)";
				FRAMEWORK_SEARCH_PATHS = (
					"$(SDKROOT)/Developer/Library/Frameworks",
					"$(inherited)",
				);
				INFOPLIST_FILE = "MC2-radionica1Tests/Info.plist";
				LD_RUNPATH_SEARCH_PATHS = "$(inherited) @executable_path/Frameworks @loader_path/Frameworks";
				PRODUCT_NAME = "$(TARGET_NAME)";
				TEST_HOST = "$(BUILT_PRODUCTS_DIR)/MC2-radionica1.app/MC2-radionica1";
			};
			name = Release;
		};
/* End XCBuildConfiguration section */

/* Begin XCConfigurationList section */
		CF0B48711A20814B00A04DE1 /* Build configuration list for PBXProject "MC2-radionica1" */ = {
			isa = XCConfigurationList;
			buildConfigurations = (
				CF0B48971A20814B00A04DE1 /* Debug */,
				CF0B48981A20814B00A04DE1 /* Release */,
			);
			defaultConfigurationIsVisible = 0;
			defaultConfigurationName = Release;
		};
		CF0B48991A20814B00A04DE1 /* Build configuration list for PBXNativeTarget "MC2-radionica1" */ = {
			isa = XCConfigurationList;
			buildConfigurations = (
				CF0B489A1A20814B00A04DE1 /* Debug */,
				CF0B489B1A20814B00A04DE1 /* Release */,
			);
			defaultConfigurationIsVisible = 0;
			defaultConfigurationName = Release;
		};
		CF0B489C1A20814B00A04DE1 /* Build configuration list for PBXNativeTarget "MC2-radionica1Tests" */ = {
			isa = XCConfigurationList;
			buildConfigurations = (
				CF0B489D1A20814B00A04DE1 /* Debug */,
				CF0B489E1A20814B00A04DE1 /* Release */,
			);
			defaultConfigurationIsVisible = 0;
			defaultConfigurationName = Release;
		};
/* End XCConfigurationList section */
	};
	rootObject = CF0B486E1A20814B00A04DE1 /* Project object */;
}
